PODS:
  - app_group_directory (1.0.0):
    - Flutter
  - audioplayers_darwin (0.0.1):
    - Flutter
    - FlutterMacOS
  - Flutter (1.0.0)
  - flutter_local_notifications (0.0.1):
    - Flutter
  - flutter_native_image (0.0.1):
    - Flutter
  - live_activities (0.0.1):
    - Flutter
  - path_provider_foundation (0.0.1):
    - Flutter
    - FlutterMacOS

DEPENDENCIES:
  - app_group_directory (from `.symlinks/plugins/app_group_directory/ios`)
  - audioplayers_darwin (from `.symlinks/plugins/audioplayers_darwin/darwin`)
  - Flutter (from `Flutter`)
  - flutter_local_notifications (from `.symlinks/plugins/flutter_local_notifications/ios`)
  - flutter_native_image (from `.symlinks/plugins/flutter_native_image/ios`)
  - live_activities (from `.symlinks/plugins/live_activities/ios`)
  - path_provider_foundation (from `.symlinks/plugins/path_provider_foundation/darwin`)

EXTERNAL SOURCES:
  app_group_directory:
    :path: ".symlinks/plugins/app_group_directory/ios"
  audioplayers_darwin:
    :path: ".symlinks/plugins/audioplayers_darwin/darwin"
  Flutter:
    :path: Flutter
  flutter_local_notifications:
    :path: ".symlinks/plugins/flutter_local_notifications/ios"
  flutter_native_image:
    :path: ".symlinks/plugins/flutter_native_image/ios"
  live_activities:
    :path: ".symlinks/plugins/live_activities/ios"
  path_provider_foundation:
    :path: ".symlinks/plugins/path_provider_foundation/darwin"

SPEC CHECKSUMS:
  app_group_directory: a2613caae8f771366673bd6ec80412b76bbb4fb4
  audioplayers_darwin: 4f9ca89d92d3d21cec7ec580e78ca888e5fb68bd
  Flutter: cabc95a1d2626b1b06e7179b784ebcf0c0cde467
  flutter_local_notifications: a5a732f069baa862e728d839dd2ebb904737effb
  flutter_native_image: c0f200e4bc5da392b15878df38654cc85a78b090
  live_activities: 771ebe091f68bc3dc0a5a3828f2747b01126ec28
  path_provider_foundation: bb55f6dbba17d0dccd6737fe6f7f34fbd0376880

PODFILE CHECKSUM: 3c63482e143d1b91d2d2560aee9fb04ecc74ac7e

COCOAPODS: 1.16.2
